{
  "lockfile_version": "1",
  "packages": {
    "air@1.61.7": {
      "last_modified": "2025-05-16T20:19:48Z",
      "resolved": "github:NixOS/nixpkgs/12a55407652e04dcf2309436eb06fef0d3713ef3#air",
      "source": "devbox-search",
      "version": "1.61.7",
      "systems": {
        "aarch64-darwin": {
          "outputs": [
            {
              "name": "out",
              "path": "/nix/store/bhwz4j60zkak8vb6swkpq5km1lgby4qi-air-1.61.7",
              "default": true
            }
          ],
          "store_path": "/nix/store/bhwz4j60zkak8vb6swkpq5km1lgby4qi-air-1.61.7"
        },
        "aarch64-linux": {
          "outputs": [
            {
              "name": "out",
              "path": "/nix/store/7g23bxay9zh06yhwh14vrxcisiv4knpi-air-1.61.7",
              "default": true
            }
          ],
          "store_path": "/nix/store/7g23bxay9zh06yhwh14vrxcisiv4knpi-air-1.61.7"
        },
        "x86_64-darwin": {
          "outputs": [
            {
              "name": "out",
              "path": "/nix/store/q1g27rhxn3ac3dwm72bfm7jis8ddxk7c-air-1.61.7",
              "default": true
            }
          ],
          "store_path": "/nix/store/q1g27rhxn3ac3dwm72bfm7jis8ddxk7c-air-1.61.7"
        },
        "x86_64-linux": {
          "outputs": [
            {
              "name": "out",
              "path": "/nix/store/5gavy4dh7ncjlvpi381181cby0jfx5g5-air-1.61.7",
              "default": true
            }
          ],
          "store_path": "/nix/store/5gavy4dh7ncjlvpi381181cby0jfx5g5-air-1.61.7"
        }
      }
    },
    "buf": {
      "resolved": "github:NixOS/nixpkgs/e4b09e47ace7d87de083786b404bf232eb6c89d8?narHash=sha256-RlTsJUvvr8ErjPBsiwrGbbHYW8XbB%2Foek0Gi78XdWKg%3D#buf",
      "source": "nixpkg"
    },
    "claude-code@latest": {
      "last_modified": "2025-06-08T07:56:50Z",
      "resolved": "github:NixOS/nixpkgs/8207ad0d501dd3590e0e81a7c56b386a5c4342c9#claude-code",
      "source": "devbox-search",
      "version": "1.0.17",
      "systems": {
        "aarch64-darwin": {
          "outputs": [
            {
              "name": "out",
              "path": "/nix/store/8fv783lkhh23wzmp32p11q2s8wq6ajaq-claude-code-1.0.17",
              "default": true
            }
          ],
          "store_path": "/nix/store/8fv783lkhh23wzmp32p11q2s8wq6ajaq-claude-code-1.0.17"
        },
        "aarch64-linux": {
          "outputs": [
            {
              "name": "out",
              "path": "/nix/store/x1xvvjdrmj1a3y0rarqis30cbpzy3fl8-claude-code-1.0.17",
              "default": true
            }
          ],
          "store_path": "/nix/store/x1xvvjdrmj1a3y0rarqis30cbpzy3fl8-claude-code-1.0.17"
        },
        "x86_64-darwin": {
          "outputs": [
            {
              "name": "out",
              "path": "/nix/store/2z6n9y5yzz6v37hvqyi0snxnzrnwfx73-claude-code-1.0.17",
              "default": true
            }
          ],
          "store_path": "/nix/store/2z6n9y5yzz6v37hvqyi0snxnzrnwfx73-claude-code-1.0.17"
        },
        "x86_64-linux": {
          "outputs": [
            {
              "name": "out",
              "path": "/nix/store/py4d89wsspd0s6rwgjz6lhsy5z3791sd-claude-code-1.0.17",
              "default": true
            }
          ],
          "store_path": "/nix/store/py4d89wsspd0s6rwgjz6lhsy5z3791sd-claude-code-1.0.17"
        }
      }
    },
    "github:NixOS/nixpkgs/nixpkgs-unstable": {
      "last_modified": "2025-06-02T09:36:13Z",
      "resolved": "github:NixOS/nixpkgs/e4b09e47ace7d87de083786b404bf232eb6c89d8?lastModified=1748856973&narHash=sha256-RlTsJUvvr8ErjPBsiwrGbbHYW8XbB%2Foek0Gi78XdWKg%3D"
    },
    "go@1.24.1": {
      "last_modified": "2025-03-11T17:52:14Z",
      "resolved": "github:NixOS/nixpkgs/0d534853a55b5d02a4ababa1d71921ce8f0aee4c#go",
      "source": "devbox-search",
      "version": "1.24.1",
      "systems": {
        "aarch64-darwin": {
          "outputs": [
            {
              "name": "out",
              "path": "/nix/store/ja4jxx60lh1qfqfl4z4p2rff56ia1c3c-go-1.24.1",
              "default": true
            }
          ],
          "store_path": "/nix/store/ja4jxx60lh1qfqfl4z4p2rff56ia1c3c-go-1.24.1"
        },
        "aarch64-linux": {
          "outputs": [
            {
              "name": "out",
              "path": "/nix/store/6zvrmsmdg7p8yw3vii20g40b4zsh6kjr-go-1.24.1",
              "default": true
            }
          ],
          "store_path": "/nix/store/6zvrmsmdg7p8yw3vii20g40b4zsh6kjr-go-1.24.1"
        },
        "x86_64-darwin": {
          "outputs": [
            {
              "name": "out",
              "path": "/nix/store/2bcic1xcha2k11djynr488v3pg0nnghr-go-1.24.1",
              "default": true
            }
          ],
          "store_path": "/nix/store/2bcic1xcha2k11djynr488v3pg0nnghr-go-1.24.1"
        },
        "x86_64-linux": {
          "outputs": [
            {
              "name": "out",
              "path": "/nix/store/g29rrn8qqlg4yjqv543ryrkimr7fk43h-go-1.24.1",
              "default": true
            }
          ],
          "store_path": "/nix/store/g29rrn8qqlg4yjqv543ryrkimr7fk43h-go-1.24.1"
        }
      }
    },
    "nodejs@24.0.1": {
      "last_modified": "2025-05-17T07:32:44Z",
      "plugin_version": "0.0.2",
      "resolved": "github:NixOS/nixpkgs/3fcbdcfc707e0aa42c541b7743e05820472bdaec#nodejs_24",
      "source": "devbox-search",
      "version": "24.0.1",
      "systems": {
        "aarch64-darwin": {
          "outputs": [
            {
              "name": "out",
              "path": "/nix/store/hg7146n5z9m4wphqxf75lz7j2svlmpzd-nodejs-24.0.1",
              "default": true
            },
            {
              "name": "dev",
              "path": "/nix/store/rdk42n6bk6a2ljd99l74sk8jg18955ws-nodejs-24.0.1-dev"
            },
            {
              "name": "libv8",
              "path": "/nix/store/mwbd0a5cga8jn8inqirswwl6g7wh36i9-nodejs-24.0.1-libv8"
            }
          ],
          "store_path": "/nix/store/hg7146n5z9m4wphqxf75lz7j2svlmpzd-nodejs-24.0.1"
        },
        "aarch64-linux": {
          "outputs": [
            {
              "name": "out",
              "path": "/nix/store/jsaphhz8wylai24nxilicmz2xgsp3dvl-nodejs-24.0.1",
              "default": true
            },
            {
              "name": "dev",
              "path": "/nix/store/wvfl95zl7n8gakysq0brx4cwvys0vzws-nodejs-24.0.1-dev"
            },
            {
              "name": "libv8",
              "path": "/nix/store/i63rhpvfd0162gcm0m7b2n3v9hxg3if9-nodejs-24.0.1-libv8"
            }
          ],
          "store_path": "/nix/store/jsaphhz8wylai24nxilicmz2xgsp3dvl-nodejs-24.0.1"
        },
        "x86_64-darwin": {
          "outputs": [
            {
              "name": "out",
              "path": "/nix/store/slccdfvbj3xg6myw5yccf28g8nypxwnk-nodejs-24.0.1",
              "default": true
            },
            {
              "name": "libv8",
              "path": "/nix/store/b9s7gisl0bia45h5kri6bkc7dgmg2a79-nodejs-24.0.1-libv8"
            },
            {
              "name": "dev",
              "path": "/nix/store/rhy8bp8s0djzvv0bwdzrfdyr4pwdp06z-nodejs-24.0.1-dev"
            }
          ],
          "store_path": "/nix/store/slccdfvbj3xg6myw5yccf28g8nypxwnk-nodejs-24.0.1"
        },
        "x86_64-linux": {
          "outputs": [
            {
              "name": "out",
              "path": "/nix/store/c80mvyl18dmanhdwa91vx1s6y57wxxgf-nodejs-24.0.1",
              "default": true
            },
            {
              "name": "dev",
              "path": "/nix/store/jxjxlxaw39prpbf8iik047fgn6975n5l-nodejs-24.0.1-dev"
            },
            {
              "name": "libv8",
              "path": "/nix/store/x3rarvsjk0hi2vy1yv1dc56ryddxg7gd-nodejs-24.0.1-libv8"
            }
          ],
          "store_path": "/nix/store/c80mvyl18dmanhdwa91vx1s6y57wxxgf-nodejs-24.0.1"
        }
      }
    },
    "pre-commit@latest": {
      "last_modified": "2025-06-08T07:56:50Z",
      "resolved": "github:NixOS/nixpkgs/8207ad0d501dd3590e0e81a7c56b386a5c4342c9#pre-commit",
      "source": "devbox-search",
      "version": "4.2.0",
      "systems": {
        "aarch64-darwin": {
          "outputs": [
            {
              "name": "out",
              "path": "/nix/store/0nrplqmv9zwfwinz02238m6ahp48a8m8-pre-commit-4.2.0",
              "default": true
            },
            {
              "name": "dist",
              "path": "/nix/store/qijj8wjnpsiyr6m977k53zawy54sb0ic-pre-commit-4.2.0-dist"
            }
          ],
          "store_path": "/nix/store/0nrplqmv9zwfwinz02238m6ahp48a8m8-pre-commit-4.2.0"
        },
        "aarch64-linux": {
          "outputs": [
            {
              "name": "out",
              "path": "/nix/store/k37h252fpzwzlimk4fac6kwij626nafh-pre-commit-4.2.0",
              "default": true
            },
            {
              "name": "dist",
              "path": "/nix/store/f8ma4asp5c5h4rxiffxjyfg2iw421k9c-pre-commit-4.2.0-dist"
            }
          ],
          "store_path": "/nix/store/k37h252fpzwzlimk4fac6kwij626nafh-pre-commit-4.2.0"
        },
        "x86_64-darwin": {
          "outputs": [
            {
              "name": "out",
              "path": "/nix/store/k0b5n0yi013cdlsjnzk8p2qh3fvcgsv0-pre-commit-4.2.0",
              "default": true
            },
            {
              "name": "dist",
              "path": "/nix/store/14j2bcxjp1vfgszarl6wasjsy2wpli6g-pre-commit-4.2.0-dist"
            }
          ],
          "store_path": "/nix/store/k0b5n0yi013cdlsjnzk8p2qh3fvcgsv0-pre-commit-4.2.0"
        },
        "x86_64-linux": {
          "outputs": [
            {
              "name": "out",
              "path": "/nix/store/qx2b0gcg7xl29pz5zi071fjpwsx0rn4g-pre-commit-4.2.0",
              "default": true
            },
            {
              "name": "dist",
              "path": "/nix/store/l21dxfcd71cxz2w5wz1iadh3vq4c4nl7-pre-commit-4.2.0-dist"
            }
          ],
          "store_path": "/nix/store/qx2b0gcg7xl29pz5zi071fjpwsx0rn4g-pre-commit-4.2.0"
        }
      }
    },
    "protobuf": {
      "resolved": "github:NixOS/nixpkgs/e4b09e47ace7d87de083786b404bf232eb6c89d8?narHash=sha256-RlTsJUvvr8ErjPBsiwrGbbHYW8XbB%2Foek0Gi78XdWKg%3D#protobuf",
      "source": "nixpkg"
    },
    "protoc-gen-go": {
      "resolved": "github:NixOS/nixpkgs/e4b09e47ace7d87de083786b404bf232eb6c89d8?narHash=sha256-RlTsJUvvr8ErjPBsiwrGbbHYW8XbB%2Foek0Gi78XdWKg%3D#protoc-gen-go",
      "source": "nixpkg"
    },
    "protoc-gen-go-grpc": {
      "resolved": "github:NixOS/nixpkgs/e4b09e47ace7d87de083786b404bf232eb6c89d8?narHash=sha256-RlTsJUvvr8ErjPBsiwrGbbHYW8XbB%2Foek0Gi78XdWKg%3D#protoc-gen-go-grpc",
      "source": "nixpkg"
    },
    "protolint": {
      "resolved": "github:NixOS/nixpkgs/e4b09e47ace7d87de083786b404bf232eb6c89d8?narHash=sha256-RlTsJUvvr8ErjPBsiwrGbbHYW8XbB%2Foek0Gi78XdWKg%3D#protolint",
      "source": "nixpkg"
    },
    "temporal-cli@1.18.1": {
      "last_modified": "2024-12-03T12:40:06Z",
      "resolved": "github:NixOS/nixpkgs/566e53c2ad750c84f6d31f9ccb9d00f823165550#temporal-cli",
      "source": "devbox-search",
      "version": "1.18.1",
      "systems": {
        "aarch64-darwin": {
          "outputs": [
            {
              "name": "out",
              "path": "/nix/store/8k46j5vqfn0w4di0xay5nb9cfjpii9q5-temporal-cli-1.18.1",
              "default": true
            }
          ],
          "store_path": "/nix/store/8k46j5vqfn0w4di0xay5nb9cfjpii9q5-temporal-cli-1.18.1"
        },
        "aarch64-linux": {
          "outputs": [
            {
              "name": "out",
              "path": "/nix/store/sxg209zk377a0qdb7fh07al96shrh7g6-temporal-cli-1.18.1",
              "default": true
            }
          ],
          "store_path": "/nix/store/sxg209zk377a0qdb7fh07al96shrh7g6-temporal-cli-1.18.1"
        },
        "x86_64-darwin": {
          "outputs": [
            {
              "name": "out",
              "path": "/nix/store/k09znprl9qimz4lmgd2z4r9wr1wx10r0-temporal-cli-1.18.1",
              "default": true
            }
          ],
          "store_path": "/nix/store/k09znprl9qimz4lmgd2z4r9wr1wx10r0-temporal-cli-1.18.1"
        },
        "x86_64-linux": {
          "outputs": [
            {
              "name": "out",
              "path": "/nix/store/6z9fdscrr1jz6i416n7g2yirvnx7n76k-temporal-cli-1.18.1",
              "default": true
            }
          ],
          "store_path": "/nix/store/6z9fdscrr1jz6i416n7g2yirvnx7n76k-temporal-cli-1.18.1"
        }
      }
    }
  }
}
